<?xml version="1.0" encoding="utf-8"?>
<Project ToolsVersion="4.0" xmlns="http://schemas.microsoft.com/developer/msbuild/2003">
  <ItemGroup>
    <ClCompile Include="Common\Source\Camera.cpp" />
    <ClCompile Include="Common\Source\d3dApp.cpp" />
    <ClCompile Include="Common\Source\d3dUtil.cpp" />
    <ClCompile Include="Common\Source\DDSTextureLoader.cpp" />
    <ClCompile Include="Common\Source\GameTimer.cpp" />
    <ClCompile Include="Common\Source\GeometryGenerator.cpp" />
    <ClCompile Include="Common\Source\MathHelper.cpp" />
    <ClCompile Include="Source\Keyboard.cpp" />
    <ClCompile Include="Engine\Entity.cpp" />
    <ClCompile Include="Graphics\Render.cpp" />
    <ClCompile Include="Source\Platform\WIN32\IApp.cpp" />
    <ClCompile Include="Source\SpaceEngine.cpp" />
    <ClCompile Include="Engine\Component\Transform.cpp" />
  </ItemGroup>
  <ItemGroup>
    <ClInclude Include="Common\Headers\Camera.h" />
    <ClInclude Include="Common\Headers\d3dApp.h" />
    <ClInclude Include="Common\Headers\d3dUtil.h" />
    <ClInclude Include="Common\Headers\d3dx12.h" />
    <ClInclude Include="Common\Headers\DDSTextureLoader.h" />
    <ClInclude Include="Common\Headers\GameTimer.h" />
    <ClInclude Include="Common\Headers\GeometryGenerator.h" />
    <ClInclude Include="Common\Headers\MathHelper.h" />
    <ClInclude Include="Common\Headers\UploadBuffer.h" />
    <ClInclude Include="Headers\Keyboard.h" />
    <ClInclude Include="Engine\Components.hpp" />
    <ClInclude Include="Engine\Component\IComponent.hpp" />
    <ClInclude Include="Engine\Entity.hpp" />
    <ClInclude Include="Engine\Systems.hpp" />
    <ClInclude Include="Headers\Render.h" />
    <ClInclude Include="Graphics.h" />
    <ClInclude Include="Graphics\Render.h" />
    <ClInclude Include="Headers\SpaceEngine.h" />
    <ClInclude Include="Source\Platform\WIN32\IApp.h" />
    <ClInclude Include="Source\Platform\WIN32\WinEntry.h" />
    <ClInclude Include="Engine\Component\Transform.h" />
  </ItemGroup>
</Project>