<?xml version="1.0" encoding="utf-8"?>
<Project ToolsVersion="4.0" xmlns="http://schemas.microsoft.com/developer/msbuild/2003">
  <ItemGroup>
    <Filter Include="Resources">
      <UniqueIdentifier>{93995380-89BD-4b04-88EB-625FBE52EBFB}</UniqueIdentifier>
      <Extensions>h;hh;hpp;hxx;h++;hm;inl;inc;ipp;xsd</Extensions>
    </Filter>
    <Filter Include="Source">
      <UniqueIdentifier>{4FC737F1-C7A5-4376-A066-2A32D752A2FF}</UniqueIdentifier>
      <Extensions>cpp;c;cc;cxx;c++;cppm;ixx;def;odl;idl;hpj;bat;asm;asmx</Extensions>
    </Filter>
    <Filter Include="Source\pch">
      <UniqueIdentifier>{c2209368-af07-4d6d-aeb7-9a6389d6f7f0}</UniqueIdentifier>
    </Filter>
    <Filter Include="Source\Private">
      <UniqueIdentifier>{e23922f3-4555-4b7b-a1e4-569e9609c6cc}</UniqueIdentifier>
    </Filter>
    <Filter Include="Source\Public">
      <UniqueIdentifier>{f2a3ff97-c0d1-4486-b451-fc7d15fb60a5}</UniqueIdentifier>
    </Filter>
    <Filter Include="Resources\Icons">
      <UniqueIdentifier>{d65681bf-cb99-4e72-9794-0edc0d8e0c9c}</UniqueIdentifier>
    </Filter>
  </ItemGroup>
  <ItemGroup>
    <ClCompile Include="Source\App.cpp">
      <Filter>Source\Private</Filter>
    </ClCompile>
    <ClCompile Include="Source\pch.cpp">
      <Filter>Source\pch</Filter>
    </ClCompile>
    <ClCompile Include="Source\WinMain.cpp">
      <Filter>Source</Filter>
    </ClCompile>
  </ItemGroup>
  <ItemGroup>
    <ClInclude Include="Source\App.h">
      <Filter>Source\Public</Filter>
    </ClInclude>
    <ClInclude Include="Source\pch.h">
      <Filter>Source\pch</Filter>
    </ClInclude>
  </ItemGroup>
</Project>